
Microsoft Visual Studio Solution File, Format Version 12.00
# Visual Studio 2012
Project("{FAE04EC0-301F-11D3-BF4B-00C04F79EFBC}") = "MenuForToday", "MenuForToday\MenuForToday.csproj", "{D2BAE424-E1E7-4E49-853E-ABA3D52E5944}"
EndProject
Global
	GlobalSection(SolutionConfigurationPlatforms) = preSolution
		Debug|Any CPU = Debug|Any CPU
		Release|Any CPU = Release|Any CPU
	EndGlobalSection
	GlobalSection(ProjectConfigurationPlatforms) = postSolution
		{D2BAE424-E1E7-4E49-853E-ABA3D52E5944}.Debug|Any CPU.ActiveCfg = Debug|Any CPU
		{D2BAE424-E1E7-4E49-853E-ABA3D52E5944}.Debug|Any CPU.Build.0 = Debug|Any CPU
		{D2BAE424-E1E7-4E49-853E-ABA3D52E5944}.Release|Any CPU.ActiveCfg = Release|Any CPU
		{D2BAE424-E1E7-4E49-853E-ABA3D52E5944}.Release|Any CPU.Build.0 = Release|Any CPU
	EndGlobalSection
	GlobalSection(SolutionProperties) = preSolution
		HideSolutionNode = FALSE
	EndGlobalSection
EndGlobal
